
Microsoft Visual Studio Solution File, Format Version 12.00
# Visual Studio Version 16
VisualStudioVersion = 16.0.31515.178
MinimumVisualStudioVersion = 10.0.40219.1
Project("{FAE04EC0-301F-11D3-BF4B-00C04F79EFBC}") = "Sql_APICRUD", "Sql_APICRUD\Sql_APICRUD.csproj", "{C427B617-31ED-47FA-9F1F-A73C4B2D757A}"
EndProject
Global
	GlobalSection(SolutionConfigurationPlatforms) = preSolution
		Debug|Any CPU = Debug|Any CPU
		Release|Any CPU = Release|Any CPU
	EndGlobalSection
	GlobalSection(ProjectConfigurationPlatforms) = postSolution
		{C427B617-31ED-47FA-9F1F-A73C4B2D757A}.Debug|Any CPU.ActiveCfg = Debug|Any CPU
		{C427B617-31ED-47FA-9F1F-A73C4B2D757A}.Debug|Any CPU.Build.0 = Debug|Any CPU
		{C427B617-31ED-47FA-9F1F-A73C4B2D757A}.Release|Any CPU.ActiveCfg = Release|Any CPU
		{C427B617-31ED-47FA-9F1F-A73C4B2D757A}.Release|Any CPU.Build.0 = Release|Any CPU
	EndGlobalSection
	GlobalSection(SolutionProperties) = preSolution
		HideSolutionNode = FALSE
	EndGlobalSection
	GlobalSection(ExtensibilityGlobals) = postSolution
		SolutionGuid = {DBCA40A1-1236-444B-A8F0-64F5178E8792}
	EndGlobalSection
EndGlobal
